Microsoft Visual Studio Solution File, Format Version 12.00
# Visual Studio Version 17
VisualStudioVersion = 17.5.2.0
MinimumVisualStudioVersion = 10.0.40219.1
Project("{2150E333-8FDC-42A3-9474-1A3956D46DE8}") = "src", "src", "{827E0CD3-B72D-47B6-A68D-7590B98EB39B}"
EndProject
Project("{FAE04EC0-301F-11D3-BF4B-00C04F79EFBC}") = "ApiGateway", "src\ApiGateway\ApiGateway.csproj", "{967A9878-9005-C8B0-725C-1F34134168DB}"
EndProject
Project("{FAE04EC0-301F-11D3-BF4B-00C04F79EFBC}") = "ApiGateway.Client", "src\ApiGateway.Client\ApiGateway.Client.csproj", "{769BC19A-284A-40AD-887E-75A8885006B1}"
EndProject
Project("{FAE04EC0-301F-11D3-BF4B-00C04F79EFBC}") = "ApiGateway.Tests", "src\ApiGateway.Tests\ApiGateway.Tests.csproj", "{5D88092C-6F41-447F-BCE9-EBF11FBC3824}"
EndProject
Project("{FAE04EC0-301F-11D3-BF4B-00C04F79EFBC}") = "Grains.Abstractions", "src\Grains.Abstractions\Grains.Abstractions.csproj", "{FA32BC97-A445-BD9B-F584-EB484F4CF15B}"
EndProject
Project("{FAE04EC0-301F-11D3-BF4B-00C04F79EFBC}") = "Publisher", "src\Publisher\Publisher.csproj", "{B53A3F93-644F-077D-263C-2A9461829575}"
EndProject
Project("{FAE04EC0-301F-11D3-BF4B-00C04F79EFBC}") = "SiloHost", "src\SiloHost\SiloHost.csproj", "{8A1336E3-097A-5471-6249-8B0FC8040AC7}"
EndProject
Project("{FAE04EC0-301F-11D3-BF4B-00C04F79EFBC}") = "DataModel.Analyzer", "src\DataModel.Analyzer\DataModel.Analyzer.csproj", "{C5B2F123-4D5E-6789-ABCD-EF0123456789}"
EndProject
Project("{FAE04EC0-301F-11D3-BF4B-00C04F79EFBC}") = "DataModel.Analyzer.Tests", "src\DataModel.Analyzer.Tests\DataModel.Analyzer.Tests.csproj", "{8F6B4A12-2C7C-4A8A-9D8C-1234567890AB}"
EndProject
Project("{FAE04EC0-301F-11D3-BF4B-00C04F79EFBC}") = "Telemetry.Ingest", "src\Telemetry.Ingest\Telemetry.Ingest.csproj", "{9FAD7D59-1CD9-4013-9392-6A537FA17B1D}"
EndProject
Project("{FAE04EC0-301F-11D3-BF4B-00C04F79EFBC}") = "Telemetry.Ingest.Tests", "src\Telemetry.Ingest.Tests\Telemetry.Ingest.Tests.csproj", "{137D96DB-1C9B-4064-9E7F-C2397F2551ED}"
EndProject
Project("{FAE04EC0-301F-11D3-BF4B-00C04F79EFBC}") = "Telemetry.Storage", "src\Telemetry.Storage\Telemetry.Storage.csproj", "{902BEFF3-F4B9-4862-AC04-EEFF9BF11A76}"
EndProject
Project("{FAE04EC0-301F-11D3-BF4B-00C04F79EFBC}") = "Telemetry.Storage.Tests", "src\Telemetry.Storage.Tests\Telemetry.Storage.Tests.csproj", "{3F4312E5-76F4-4A2F-AC60-9EB33B6CB4C5}"
EndProject
Project("{FAE04EC0-301F-11D3-BF4B-00C04F79EFBC}") = "Telemetry.Ingest.LoadTest", "src\Telemetry.Ingest.LoadTest\Telemetry.Ingest.LoadTest.csproj", "{4A6033C1-033C-4956-85D6-84091A6FED3C}"
EndProject
Project("{FAE04EC0-301F-11D3-BF4B-00C04F79EFBC}") = "Telemetry.E2E.Tests", "src\Telemetry.E2E.Tests\Telemetry.E2E.Tests.csproj", "{0F5D6515-4A36-40E6-A2A7-27B144446DB9}"
EndProject
Project("{FAE04EC0-301F-11D3-BF4B-00C04F79EFBC}") = "AdminGateway", "src\AdminGateway\AdminGateway.csproj", "{EA618B2A-3FC8-45AB-8F79-AB20DBDDDC36}"
EndProject
Project("{FAE04EC0-301F-11D3-BF4B-00C04F79EFBC}") = "Telemetry.Orleans.MemoryLoadTest", "src\Telemetry.Orleans.MemoryLoadTest\Telemetry.Orleans.MemoryLoadTest.csproj", "{1F27D0A0-74E8-48C3-979A-408201FA38A2}"
EndProject
Project("{FAE04EC0-301F-11D3-BF4B-00C04F79EFBC}") = "Publisher.Tests", "src\Publisher.Tests\Publisher.Tests.csproj", "{157F67B7-E62F-4B9F-8681-321C1AC17743}"
EndProject
Project("{FAE04EC0-301F-11D3-BF4B-00C04F79EFBC}") = "ApiGateway.Contracts", "src\ApiGateway.Contracts\ApiGateway.Contracts.csproj", "{D493AF95-161C-4EAC-B9D2-946C2C927C36}"
EndProject
Project("{FAE04EC0-301F-11D3-BF4B-00C04F79EFBC}") = "TelemetryClient", "src\TelemetryClient\TelemetryClient.csproj", "{63D6F056-F215-47CD-99FE-7CEE8CFAD8B2}"
EndProject
Project("{FAE04EC0-301F-11D3-BF4B-00C04F79EFBC}") = "AdminGateway.Tests", "src\AdminGateway.Tests\AdminGateway.Tests.csproj", "{0158B1FF-5ED1-404A-87C0-8C03316441CA}"
EndProject
Project("{FAE04EC0-301F-11D3-BF4B-00C04F79EFBC}") = "AdminGateway.E2E.Tests", "src\AdminGateway.E2E.Tests\AdminGateway.E2E.Tests.csproj", "{9A32B9A6-5A39-4F44-9E14-1B5C9A1D9D5A}"
EndProject
Global
	GlobalSection(SolutionConfigurationPlatforms) = preSolution
		Debug|Any CPU = Debug|Any CPU
		Release|Any CPU = Release|Any CPU
	EndGlobalSection
	GlobalSection(ProjectConfigurationPlatforms) = postSolution
		{967A9878-9005-C8B0-725C-1F34134168DB}.Debug|Any CPU.ActiveCfg = Debug|Any CPU
		{967A9878-9005-C8B0-725C-1F34134168DB}.Debug|Any CPU.Build.0 = Debug|Any CPU
		{967A9878-9005-C8B0-725C-1F34134168DB}.Release|Any CPU.ActiveCfg = Release|Any CPU
		{967A9878-9005-C8B0-725C-1F34134168DB}.Release|Any CPU.Build.0 = Release|Any CPU
		{769BC19A-284A-40AD-887E-75A8885006B1}.Debug|Any CPU.ActiveCfg = Debug|Any CPU
		{769BC19A-284A-40AD-887E-75A8885006B1}.Debug|Any CPU.Build.0 = Debug|Any CPU
		{769BC19A-284A-40AD-887E-75A8885006B1}.Release|Any CPU.ActiveCfg = Release|Any CPU
		{769BC19A-284A-40AD-887E-75A8885006B1}.Release|Any CPU.Build.0 = Release|Any CPU
		{FA32BC97-A445-BD9B-F584-EB484F4CF15B}.Debug|Any CPU.ActiveCfg = Debug|Any CPU
		{FA32BC97-A445-BD9B-F584-EB484F4CF15B}.Debug|Any CPU.Build.0 = Debug|Any CPU
		{FA32BC97-A445-BD9B-F584-EB484F4CF15B}.Release|Any CPU.ActiveCfg = Release|Any CPU
		{FA32BC97-A445-BD9B-F584-EB484F4CF15B}.Release|Any CPU.Build.0 = Release|Any CPU
		{B53A3F93-644F-077D-263C-2A9461829575}.Debug|Any CPU.ActiveCfg = Debug|Any CPU
		{B53A3F93-644F-077D-263C-2A9461829575}.Debug|Any CPU.Build.0 = Debug|Any CPU
		{B53A3F93-644F-077D-263C-2A9461829575}.Release|Any CPU.ActiveCfg = Release|Any CPU
		{B53A3F93-644F-077D-263C-2A9461829575}.Release|Any CPU.Build.0 = Release|Any CPU
		{8A1336E3-097A-5471-6249-8B0FC8040AC7}.Debug|Any CPU.ActiveCfg = Debug|Any CPU
		{8A1336E3-097A-5471-6249-8B0FC8040AC7}.Debug|Any CPU.Build.0 = Debug|Any CPU
		{8A1336E3-097A-5471-6249-8B0FC8040AC7}.Release|Any CPU.ActiveCfg = Release|Any CPU
		{8A1336E3-097A-5471-6249-8B0FC8040AC7}.Release|Any CPU.Build.0 = Release|Any CPU
		{C5B2F123-4D5E-6789-ABCD-EF0123456789}.Debug|Any CPU.ActiveCfg = Debug|Any CPU
		{C5B2F123-4D5E-6789-ABCD-EF0123456789}.Debug|Any CPU.Build.0 = Debug|Any CPU
		{C5B2F123-4D5E-6789-ABCD-EF0123456789}.Release|Any CPU.ActiveCfg = Release|Any CPU
		{C5B2F123-4D5E-6789-ABCD-EF0123456789}.Release|Any CPU.Build.0 = Release|Any CPU
		{8F6B4A12-2C7C-4A8A-9D8C-1234567890AB}.Debug|Any CPU.ActiveCfg = Debug|Any CPU
		{8F6B4A12-2C7C-4A8A-9D8C-1234567890AB}.Debug|Any CPU.Build.0 = Debug|Any CPU
		{8F6B4A12-2C7C-4A8A-9D8C-1234567890AB}.Release|Any CPU.ActiveCfg = Release|Any CPU
		{8F6B4A12-2C7C-4A8A-9D8C-1234567890AB}.Release|Any CPU.Build.0 = Release|Any CPU
		{9FAD7D59-1CD9-4013-9392-6A537FA17B1D}.Debug|Any CPU.ActiveCfg = Debug|Any CPU
		{9FAD7D59-1CD9-4013-9392-6A537FA17B1D}.Debug|Any CPU.Build.0 = Debug|Any CPU
		{9FAD7D59-1CD9-4013-9392-6A537FA17B1D}.Release|Any CPU.ActiveCfg = Release|Any CPU
		{9FAD7D59-1CD9-4013-9392-6A537FA17B1D}.Release|Any CPU.Build.0 = Release|Any CPU
		{137D96DB-1C9B-4064-9E7F-C2397F2551ED}.Debug|Any CPU.ActiveCfg = Debug|Any CPU
		{137D96DB-1C9B-4064-9E7F-C2397F2551ED}.Debug|Any CPU.Build.0 = Debug|Any CPU
		{137D96DB-1C9B-4064-9E7F-C2397F2551ED}.Release|Any CPU.ActiveCfg = Release|Any CPU
		{137D96DB-1C9B-4064-9E7F-C2397F2551ED}.Release|Any CPU.Build.0 = Release|Any CPU
		{902BEFF3-F4B9-4862-AC04-EEFF9BF11A76}.Debug|Any CPU.ActiveCfg = Debug|Any CPU
		{902BEFF3-F4B9-4862-AC04-EEFF9BF11A76}.Debug|Any CPU.Build.0 = Debug|Any CPU
		{902BEFF3-F4B9-4862-AC04-EEFF9BF11A76}.Release|Any CPU.ActiveCfg = Release|Any CPU
		{902BEFF3-F4B9-4862-AC04-EEFF9BF11A76}.Release|Any CPU.Build.0 = Release|Any CPU
		{3F4312E5-76F4-4A2F-AC60-9EB33B6CB4C5}.Debug|Any CPU.ActiveCfg = Debug|Any CPU
		{3F4312E5-76F4-4A2F-AC60-9EB33B6CB4C5}.Debug|Any CPU.Build.0 = Debug|Any CPU
		{3F4312E5-76F4-4A2F-AC60-9EB33B6CB4C5}.Release|Any CPU.ActiveCfg = Release|Any CPU
		{3F4312E5-76F4-4A2F-AC60-9EB33B6CB4C5}.Release|Any CPU.Build.0 = Release|Any CPU
		{4A6033C1-033C-4956-85D6-84091A6FED3C}.Debug|Any CPU.ActiveCfg = Debug|Any CPU
		{4A6033C1-033C-4956-85D6-84091A6FED3C}.Debug|Any CPU.Build.0 = Debug|Any CPU
		{4A6033C1-033C-4956-85D6-84091A6FED3C}.Release|Any CPU.ActiveCfg = Release|Any CPU
		{4A6033C1-033C-4956-85D6-84091A6FED3C}.Release|Any CPU.Build.0 = Release|Any CPU
		{0F5D6515-4A36-40E6-A2A7-27B144446DB9}.Debug|Any CPU.ActiveCfg = Debug|Any CPU
		{0F5D6515-4A36-40E6-A2A7-27B144446DB9}.Debug|Any CPU.Build.0 = Debug|Any CPU
		{0F5D6515-4A36-40E6-A2A7-27B144446DB9}.Release|Any CPU.ActiveCfg = Release|Any CPU
		{0F5D6515-4A36-40E6-A2A7-27B144446DB9}.Release|Any CPU.Build.0 = Release|Any CPU
		{EA618B2A-3FC8-45AB-8F79-AB20DBDDDC36}.Debug|Any CPU.ActiveCfg = Debug|Any CPU
		{EA618B2A-3FC8-45AB-8F79-AB20DBDDDC36}.Debug|Any CPU.Build.0 = Debug|Any CPU
		{EA618B2A-3FC8-45AB-8F79-AB20DBDDDC36}.Release|Any CPU.ActiveCfg = Release|Any CPU
		{EA618B2A-3FC8-45AB-8F79-AB20DBDDDC36}.Release|Any CPU.Build.0 = Release|Any CPU
		{5D88092C-6F41-447F-BCE9-EBF11FBC3824}.Debug|Any CPU.ActiveCfg = Debug|Any CPU
		{5D88092C-6F41-447F-BCE9-EBF11FBC3824}.Debug|Any CPU.Build.0 = Debug|Any CPU
		{5D88092C-6F41-447F-BCE9-EBF11FBC3824}.Release|Any CPU.ActiveCfg = Release|Any CPU
		{5D88092C-6F41-447F-BCE9-EBF11FBC3824}.Release|Any CPU.Build.0 = Release|Any CPU
		{1F27D0A0-74E8-48C3-979A-408201FA38A2}.Debug|Any CPU.ActiveCfg = Debug|Any CPU
		{1F27D0A0-74E8-48C3-979A-408201FA38A2}.Debug|Any CPU.Build.0 = Debug|Any CPU
		{1F27D0A0-74E8-48C3-979A-408201FA38A2}.Release|Any CPU.ActiveCfg = Release|Any CPU
		{1F27D0A0-74E8-48C3-979A-408201FA38A2}.Release|Any CPU.Build.0 = Release|Any CPU
		{157F67B7-E62F-4B9F-8681-321C1AC17743}.Debug|Any CPU.ActiveCfg = Debug|Any CPU
		{157F67B7-E62F-4B9F-8681-321C1AC17743}.Debug|Any CPU.Build.0 = Debug|Any CPU
		{157F67B7-E62F-4B9F-8681-321C1AC17743}.Release|Any CPU.ActiveCfg = Release|Any CPU
		{157F67B7-E62F-4B9F-8681-321C1AC17743}.Release|Any CPU.Build.0 = Release|Any CPU
		{D493AF95-161C-4EAC-B9D2-946C2C927C36}.Debug|Any CPU.ActiveCfg = Debug|Any CPU
		{D493AF95-161C-4EAC-B9D2-946C2C927C36}.Debug|Any CPU.Build.0 = Debug|Any CPU
		{D493AF95-161C-4EAC-B9D2-946C2C927C36}.Release|Any CPU.ActiveCfg = Release|Any CPU
		{D493AF95-161C-4EAC-B9D2-946C2C927C36}.Release|Any CPU.Build.0 = Release|Any CPU
		{63D6F056-F215-47CD-99FE-7CEE8CFAD8B2}.Debug|Any CPU.ActiveCfg = Debug|Any CPU
		{63D6F056-F215-47CD-99FE-7CEE8CFAD8B2}.Debug|Any CPU.Build.0 = Debug|Any CPU
		{63D6F056-F215-47CD-99FE-7CEE8CFAD8B2}.Release|Any CPU.ActiveCfg = Release|Any CPU
		{63D6F056-F215-47CD-99FE-7CEE8CFAD8B2}.Release|Any CPU.Build.0 = Release|Any CPU
		{0158B1FF-5ED1-404A-87C0-8C03316441CA}.Debug|Any CPU.ActiveCfg = Debug|Any CPU
		{0158B1FF-5ED1-404A-87C0-8C03316441CA}.Debug|Any CPU.Build.0 = Debug|Any CPU
		{0158B1FF-5ED1-404A-87C0-8C03316441CA}.Release|Any CPU.ActiveCfg = Release|Any CPU
		{0158B1FF-5ED1-404A-87C0-8C03316441CA}.Release|Any CPU.Build.0 = Release|Any CPU
		{9A32B9A6-5A39-4F44-9E14-1B5C9A1D9D5A}.Debug|Any CPU.ActiveCfg = Debug|Any CPU
		{9A32B9A6-5A39-4F44-9E14-1B5C9A1D9D5A}.Debug|Any CPU.Build.0 = Debug|Any CPU
		{9A32B9A6-5A39-4F44-9E14-1B5C9A1D9D5A}.Release|Any CPU.ActiveCfg = Release|Any CPU
		{9A32B9A6-5A39-4F44-9E14-1B5C9A1D9D5A}.Release|Any CPU.Build.0 = Release|Any CPU
	EndGlobalSection
	GlobalSection(SolutionProperties) = preSolution
		HideSolutionNode = FALSE
	EndGlobalSection
	GlobalSection(NestedProjects) = preSolution
		{967A9878-9005-C8B0-725C-1F34134168DB} = {827E0CD3-B72D-47B6-A68D-7590B98EB39B}
		{FA32BC97-A445-BD9B-F584-EB484F4CF15B} = {827E0CD3-B72D-47B6-A68D-7590B98EB39B}
		{B53A3F93-644F-077D-263C-2A9461829575} = {827E0CD3-B72D-47B6-A68D-7590B98EB39B}
		{8A1336E3-097A-5471-6249-8B0FC8040AC7} = {827E0CD3-B72D-47B6-A68D-7590B98EB39B}
		{C5B2F123-4D5E-6789-ABCD-EF0123456789} = {827E0CD3-B72D-47B6-A68D-7590B98EB39B}
		{8F6B4A12-2C7C-4A8A-9D8C-1234567890AB} = {827E0CD3-B72D-47B6-A68D-7590B98EB39B}
		{9FAD7D59-1CD9-4013-9392-6A537FA17B1D} = {827E0CD3-B72D-47B6-A68D-7590B98EB39B}
		{137D96DB-1C9B-4064-9E7F-C2397F2551ED} = {827E0CD3-B72D-47B6-A68D-7590B98EB39B}
		{902BEFF3-F4B9-4862-AC04-EEFF9BF11A76} = {827E0CD3-B72D-47B6-A68D-7590B98EB39B}
		{3F4312E5-76F4-4A2F-AC60-9EB33B6CB4C5} = {827E0CD3-B72D-47B6-A68D-7590B98EB39B}
		{4A6033C1-033C-4956-85D6-84091A6FED3C} = {827E0CD3-B72D-47B6-A68D-7590B98EB39B}
		{0F5D6515-4A36-40E6-A2A7-27B144446DB9} = {827E0CD3-B72D-47B6-A68D-7590B98EB39B}
		{EA618B2A-3FC8-45AB-8F79-AB20DBDDDC36} = {827E0CD3-B72D-47B6-A68D-7590B98EB39B}
		{5D88092C-6F41-447F-BCE9-EBF11FBC3824} = {827E0CD3-B72D-47B6-A68D-7590B98EB39B}
		{1F27D0A0-74E8-48C3-979A-408201FA38A2} = {827E0CD3-B72D-47B6-A68D-7590B98EB39B}
		{157F67B7-E62F-4B9F-8681-321C1AC17743} = {827E0CD3-B72D-47B6-A68D-7590B98EB39B}
		{D493AF95-161C-4EAC-B9D2-946C2C927C36} = {827E0CD3-B72D-47B6-A68D-7590B98EB39B}
		{63D6F056-F215-47CD-99FE-7CEE8CFAD8B2} = {827E0CD3-B72D-47B6-A68D-7590B98EB39B}
		{0158B1FF-5ED1-404A-87C0-8C03316441CA} = {827E0CD3-B72D-47B6-A68D-7590B98EB39B}
		{9A32B9A6-5A39-4F44-9E14-1B5C9A1D9D5A} = {827E0CD3-B72D-47B6-A68D-7590B98EB39B}
	EndGlobalSection
	GlobalSection(ExtensibilityGlobals) = postSolution
		SolutionGuid = {AD704E7C-6C65-40D6-BB54-132EA9BC969A}
	EndGlobalSection
EndGlobal
